
Microsoft Visual Studio Solution File, Format Version 12.00
# Visual Studio Version 17
VisualStudioVersion = 17.5.2.0
MinimumVisualStudioVersion = 10.0.40219.1
Project("{2150E333-8FDC-42A3-9474-1A3956D46DE8}") = "src", "src", "{827E0CD3-B72D-47B6-A68D-7590B98EB39B}"
EndProject
Project("{FAE04EC0-301F-11D3-BF4B-00C04F79EFBC}") = "core", "src\core\core.csproj", "{CCAB4C82-6ED7-4EB0-9F70-B8989379F666}"
EndProject
Project("{FAE04EC0-301F-11D3-BF4B-00C04F79EFBC}") = "extensions", "src\extensions\extensions.csproj", "{CAF1AAEE-E2A4-49BC-81A9-4C74079B191A}"
EndProject
Project("{FAE04EC0-301F-11D3-BF4B-00C04F79EFBC}") = "shared", "src\shared\shared.csproj", "{57F53938-8CA7-4513-8A74-411458E41709}"
EndProject
Project("{FAE04EC0-301F-11D3-BF4B-00C04F79EFBC}") = "rendering", "src\rendering\rendering.csproj", "{6CED00C6-9706-42FA-90AE-3A499F3C953C}"
EndProject
Project("{FAE04EC0-301F-11D3-BF4B-00C04F79EFBC}") = "host", "src\host\host.csproj", "{428DABAC-4443-4BDE-AE7A-8C5ACEA1DCC4}"
EndProject
Global
	GlobalSection(SolutionConfigurationPlatforms) = preSolution
		Debug|Any CPU = Debug|Any CPU
		Debug|x64 = Debug|x64
		Debug|x86 = Debug|x86
		Release|Any CPU = Release|Any CPU
		Release|x64 = Release|x64
		Release|x86 = Release|x86
	EndGlobalSection
	GlobalSection(ProjectConfigurationPlatforms) = postSolution
		{CCAB4C82-6ED7-4EB0-9F70-B8989379F666}.Debug|Any CPU.ActiveCfg = Debug|Any CPU
		{CCAB4C82-6ED7-4EB0-9F70-B8989379F666}.Debug|Any CPU.Build.0 = Debug|Any CPU
		{CCAB4C82-6ED7-4EB0-9F70-B8989379F666}.Debug|x64.ActiveCfg = Debug|Any CPU
		{CCAB4C82-6ED7-4EB0-9F70-B8989379F666}.Debug|x64.Build.0 = Debug|Any CPU
		{CCAB4C82-6ED7-4EB0-9F70-B8989379F666}.Debug|x86.ActiveCfg = Debug|Any CPU
		{CCAB4C82-6ED7-4EB0-9F70-B8989379F666}.Debug|x86.Build.0 = Debug|Any CPU
		{CCAB4C82-6ED7-4EB0-9F70-B8989379F666}.Release|Any CPU.ActiveCfg = Release|Any CPU
		{CCAB4C82-6ED7-4EB0-9F70-B8989379F666}.Release|Any CPU.Build.0 = Release|Any CPU
		{CCAB4C82-6ED7-4EB0-9F70-B8989379F666}.Release|x64.ActiveCfg = Release|Any CPU
		{CCAB4C82-6ED7-4EB0-9F70-B8989379F666}.Release|x64.Build.0 = Release|Any CPU
		{CCAB4C82-6ED7-4EB0-9F70-B8989379F666}.Release|x86.ActiveCfg = Release|Any CPU
		{CCAB4C82-6ED7-4EB0-9F70-B8989379F666}.Release|x86.Build.0 = Release|Any CPU
		{CAF1AAEE-E2A4-49BC-81A9-4C74079B191A}.Debug|Any CPU.ActiveCfg = Debug|Any CPU
		{CAF1AAEE-E2A4-49BC-81A9-4C74079B191A}.Debug|Any CPU.Build.0 = Debug|Any CPU
		{CAF1AAEE-E2A4-49BC-81A9-4C74079B191A}.Debug|x64.ActiveCfg = Debug|Any CPU
		{CAF1AAEE-E2A4-49BC-81A9-4C74079B191A}.Debug|x64.Build.0 = Debug|Any CPU
		{CAF1AAEE-E2A4-49BC-81A9-4C74079B191A}.Debug|x86.ActiveCfg = Debug|Any CPU
		{CAF1AAEE-E2A4-49BC-81A9-4C74079B191A}.Debug|x86.Build.0 = Debug|Any CPU
		{CAF1AAEE-E2A4-49BC-81A9-4C74079B191A}.Release|Any CPU.ActiveCfg = Release|Any CPU
		{CAF1AAEE-E2A4-49BC-81A9-4C74079B191A}.Release|Any CPU.Build.0 = Release|Any CPU
		{CAF1AAEE-E2A4-49BC-81A9-4C74079B191A}.Release|x64.ActiveCfg = Release|Any CPU
		{CAF1AAEE-E2A4-49BC-81A9-4C74079B191A}.Release|x64.Build.0 = Release|Any CPU
		{CAF1AAEE-E2A4-49BC-81A9-4C74079B191A}.Release|x86.ActiveCfg = Release|Any CPU
		{CAF1AAEE-E2A4-49BC-81A9-4C74079B191A}.Release|x86.Build.0 = Release|Any CPU
		{57F53938-8CA7-4513-8A74-411458E41709}.Debug|Any CPU.ActiveCfg = Debug|Any CPU
		{57F53938-8CA7-4513-8A74-411458E41709}.Debug|Any CPU.Build.0 = Debug|Any CPU
		{57F53938-8CA7-4513-8A74-411458E41709}.Debug|x64.ActiveCfg = Debug|Any CPU
		{57F53938-8CA7-4513-8A74-411458E41709}.Debug|x64.Build.0 = Debug|Any CPU
		{57F53938-8CA7-4513-8A74-411458E41709}.Debug|x86.ActiveCfg = Debug|Any CPU
		{57F53938-8CA7-4513-8A74-411458E41709}.Debug|x86.Build.0 = Debug|Any CPU
		{57F53938-8CA7-4513-8A74-411458E41709}.Release|Any CPU.ActiveCfg = Release|Any CPU
		{57F53938-8CA7-4513-8A74-411458E41709}.Release|Any CPU.Build.0 = Release|Any CPU
		{57F53938-8CA7-4513-8A74-411458E41709}.Release|x64.ActiveCfg = Release|Any CPU
		{57F53938-8CA7-4513-8A74-411458E41709}.Release|x64.Build.0 = Release|Any CPU
		{57F53938-8CA7-4513-8A74-411458E41709}.Release|x86.ActiveCfg = Release|Any CPU
		{57F53938-8CA7-4513-8A74-411458E41709}.Release|x86.Build.0 = Release|Any CPU
		{6CED00C6-9706-42FA-90AE-3A499F3C953C}.Debug|Any CPU.ActiveCfg = Debug|Any CPU
		{6CED00C6-9706-42FA-90AE-3A499F3C953C}.Debug|Any CPU.Build.0 = Debug|Any CPU
		{6CED00C6-9706-42FA-90AE-3A499F3C953C}.Debug|x64.ActiveCfg = Debug|Any CPU
		{6CED00C6-9706-42FA-90AE-3A499F3C953C}.Debug|x64.Build.0 = Debug|Any CPU
		{6CED00C6-9706-42FA-90AE-3A499F3C953C}.Debug|x86.ActiveCfg = Debug|Any CPU
		{6CED00C6-9706-42FA-90AE-3A499F3C953C}.Debug|x86.Build.0 = Debug|Any CPU
		{6CED00C6-9706-42FA-90AE-3A499F3C953C}.Release|Any CPU.ActiveCfg = Release|Any CPU
		{6CED00C6-9706-42FA-90AE-3A499F3C953C}.Release|Any CPU.Build.0 = Release|Any CPU
		{6CED00C6-9706-42FA-90AE-3A499F3C953C}.Release|x64.ActiveCfg = Release|Any CPU
		{6CED00C6-9706-42FA-90AE-3A499F3C953C}.Release|x64.Build.0 = Release|Any CPU
		{6CED00C6-9706-42FA-90AE-3A499F3C953C}.Release|x86.ActiveCfg = Release|Any CPU
		{6CED00C6-9706-42FA-90AE-3A499F3C953C}.Release|x86.Build.0 = Release|Any CPU
		{428DABAC-4443-4BDE-AE7A-8C5ACEA1DCC4}.Debug|Any CPU.ActiveCfg = Debug|Any CPU
		{428DABAC-4443-4BDE-AE7A-8C5ACEA1DCC4}.Debug|Any CPU.Build.0 = Debug|Any CPU
		{428DABAC-4443-4BDE-AE7A-8C5ACEA1DCC4}.Debug|x64.ActiveCfg = Debug|Any CPU
		{428DABAC-4443-4BDE-AE7A-8C5ACEA1DCC4}.Debug|x64.Build.0 = Debug|Any CPU
		{428DABAC-4443-4BDE-AE7A-8C5ACEA1DCC4}.Debug|x86.ActiveCfg = Debug|Any CPU
		{428DABAC-4443-4BDE-AE7A-8C5ACEA1DCC4}.Debug|x86.Build.0 = Debug|Any CPU
		{428DABAC-4443-4BDE-AE7A-8C5ACEA1DCC4}.Release|Any CPU.ActiveCfg = Release|Any CPU
		{428DABAC-4443-4BDE-AE7A-8C5ACEA1DCC4}.Release|Any CPU.Build.0 = Release|Any CPU
		{428DABAC-4443-4BDE-AE7A-8C5ACEA1DCC4}.Release|x64.ActiveCfg = Release|Any CPU
		{428DABAC-4443-4BDE-AE7A-8C5ACEA1DCC4}.Release|x64.Build.0 = Release|Any CPU
		{428DABAC-4443-4BDE-AE7A-8C5ACEA1DCC4}.Release|x86.ActiveCfg = Release|Any CPU
		{428DABAC-4443-4BDE-AE7A-8C5ACEA1DCC4}.Release|x86.Build.0 = Release|Any CPU
	EndGlobalSection
	GlobalSection(SolutionProperties) = preSolution
		HideSolutionNode = FALSE
	EndGlobalSection
	GlobalSection(NestedProjects) = preSolution
		{CCAB4C82-6ED7-4EB0-9F70-B8989379F666} = {827E0CD3-B72D-47B6-A68D-7590B98EB39B}
		{CAF1AAEE-E2A4-49BC-81A9-4C74079B191A} = {827E0CD3-B72D-47B6-A68D-7590B98EB39B}
		{57F53938-8CA7-4513-8A74-411458E41709} = {827E0CD3-B72D-47B6-A68D-7590B98EB39B}
		{6CED00C6-9706-42FA-90AE-3A499F3C953C} = {827E0CD3-B72D-47B6-A68D-7590B98EB39B}
		{428DABAC-4443-4BDE-AE7A-8C5ACEA1DCC4} = {827E0CD3-B72D-47B6-A68D-7590B98EB39B}
	EndGlobalSection
EndGlobal
